
Microsoft Visual Studio Solution File, Format Version 12.00
# RemObjects Fire
Project("{656346D9-4656-40DA-A068-22D5425D4639}") = "SendMeAGrib", "SendMeAGrib\SendMeAGrib.elements", "{573B6002-0F9E-47A4-ADEC-CAB6EEC561B3}"
EndProject
Project("{656346D9-4656-40DA-A068-22D5425D4639}") = "SendMeAGrib.Core", "SendMeAGrib.Core\SendMeAGrib.Core.elements", "{D5A42574-C971-4089-90B3-02784288C9E3}"
EndProject
Project("{656346D9-4656-40DA-A068-22D5425D4639}") = "SendMeAGribIOS", "SendMeAGribIOS\SendMeAGribIOS.elements", "{D709834B-D4B2-42D8-8614-E33D2ABB4250}"
EndProject
Global
	GlobalSection(SolutionConfigurationPlatforms) = preSolution
		Debug|AnyCPU = Debug|AnyCPU
		Release|AnyCPU = Release|AnyCPU
	EndGlobalSection
	GlobalSection(ProjectConfigurationPlatforms) = postSolution
		{573B6002-0F9E-47A4-ADEC-CAB6EEC561B3}.Debug|AnyCPU.ActiveCfg = Debug|AnyCPU
		{573B6002-0F9E-47A4-ADEC-CAB6EEC561B3}.Debug|AnyCPU.Build.0 = Debug|AnyCPU
		{573B6002-0F9E-47A4-ADEC-CAB6EEC561B3}.Release|AnyCPU.ActiveCfg = Release|AnyCPU
		{573B6002-0F9E-47A4-ADEC-CAB6EEC561B3}.Release|AnyCPU.Build.0 = Release|AnyCPU
		{D709834B-D4B2-42D8-8614-E33D2ABB4250}.Debug|AnyCPU.ActiveCfg = Debug|AnyCPU
		{D709834B-D4B2-42D8-8614-E33D2ABB4250}.Debug|AnyCPU.Build.0 = Debug|AnyCPU
		{D709834B-D4B2-42D8-8614-E33D2ABB4250}.Release|AnyCPU.ActiveCfg = Release|AnyCPU
		{D709834B-D4B2-42D8-8614-E33D2ABB4250}.Release|AnyCPU.Build.0 = Release|AnyCPU
	EndGlobalSection
	GlobalSection(SolutionProperties) = preSolution
		HideSolutionNode = FALSE
	EndGlobalSection
EndGlobal